
Microsoft Visual Studio Solution File, Format Version 12.00
# Visual Studio 14
VisualStudioVersion = 14.0.25420.1
MinimumVisualStudioVersion = 10.0.40219.1
Project("{FAE04EC0-301F-11D3-BF4B-00C04F79EFBC}") = "LeetCodeTests", "LeetCodeTest\LeetCodeTests.csproj", "{1F3CEA41-C577-4ACE-9CD9-FD2EB7074A29}"
EndProject
Project("{FAE04EC0-301F-11D3-BF4B-00C04F79EFBC}") = "LeetCode", "LeetCode\LeetCode.csproj", "{3F815F48-8BD5-4B26-BE5B-D5FA023E7870}"
EndProject
Project("{FAE04EC0-301F-11D3-BF4B-00C04F79EFBC}") = "Algorithm", "Algorithm\Algorithm.csproj", "{3588F87F-7D3C-4043-AFE0-9A6F584D7519}"
EndProject
Project("{FAE04EC0-301F-11D3-BF4B-00C04F79EFBC}") = "AlgorithmTests", "AlgorithmTests\AlgorithmTests.csproj", "{C296CFB2-E488-4D67-B71C-A8EEA85C8D97}"
EndProject
Project("{FAE04EC0-301F-11D3-BF4B-00C04F79EFBC}") = "LearnTest", "LearnTest\LearnTest.csproj", "{9AC1FE4E-3582-4A9F-A9B2-5F7E5A88CD04}"
EndProject
Global
	GlobalSection(SolutionConfigurationPlatforms) = preSolution
		Debug|Any CPU = Debug|Any CPU
		Release|Any CPU = Release|Any CPU
	EndGlobalSection
	GlobalSection(ProjectConfigurationPlatforms) = postSolution
		{1F3CEA41-C577-4ACE-9CD9-FD2EB7074A29}.Debug|Any CPU.ActiveCfg = Debug|Any CPU
		{1F3CEA41-C577-4ACE-9CD9-FD2EB7074A29}.Debug|Any CPU.Build.0 = Debug|Any CPU
		{1F3CEA41-C577-4ACE-9CD9-FD2EB7074A29}.Release|Any CPU.ActiveCfg = Release|Any CPU
		{1F3CEA41-C577-4ACE-9CD9-FD2EB7074A29}.Release|Any CPU.Build.0 = Release|Any CPU
		{3F815F48-8BD5-4B26-BE5B-D5FA023E7870}.Debug|Any CPU.ActiveCfg = Debug|Any CPU
		{3F815F48-8BD5-4B26-BE5B-D5FA023E7870}.Debug|Any CPU.Build.0 = Debug|Any CPU
		{3F815F48-8BD5-4B26-BE5B-D5FA023E7870}.Release|Any CPU.ActiveCfg = Release|Any CPU
		{3F815F48-8BD5-4B26-BE5B-D5FA023E7870}.Release|Any CPU.Build.0 = Release|Any CPU
		{3588F87F-7D3C-4043-AFE0-9A6F584D7519}.Debug|Any CPU.ActiveCfg = Debug|Any CPU
		{3588F87F-7D3C-4043-AFE0-9A6F584D7519}.Debug|Any CPU.Build.0 = Debug|Any CPU
		{3588F87F-7D3C-4043-AFE0-9A6F584D7519}.Release|Any CPU.ActiveCfg = Release|Any CPU
		{3588F87F-7D3C-4043-AFE0-9A6F584D7519}.Release|Any CPU.Build.0 = Release|Any CPU
		{C296CFB2-E488-4D67-B71C-A8EEA85C8D97}.Debug|Any CPU.ActiveCfg = Debug|Any CPU
		{C296CFB2-E488-4D67-B71C-A8EEA85C8D97}.Debug|Any CPU.Build.0 = Debug|Any CPU
		{C296CFB2-E488-4D67-B71C-A8EEA85C8D97}.Release|Any CPU.ActiveCfg = Release|Any CPU
		{C296CFB2-E488-4D67-B71C-A8EEA85C8D97}.Release|Any CPU.Build.0 = Release|Any CPU
		{9AC1FE4E-3582-4A9F-A9B2-5F7E5A88CD04}.Debug|Any CPU.ActiveCfg = Debug|Any CPU
		{9AC1FE4E-3582-4A9F-A9B2-5F7E5A88CD04}.Debug|Any CPU.Build.0 = Debug|Any CPU
		{9AC1FE4E-3582-4A9F-A9B2-5F7E5A88CD04}.Release|Any CPU.ActiveCfg = Release|Any CPU
		{9AC1FE4E-3582-4A9F-A9B2-5F7E5A88CD04}.Release|Any CPU.Build.0 = Release|Any CPU
	EndGlobalSection
	GlobalSection(SolutionProperties) = preSolution
		HideSolutionNode = FALSE
	EndGlobalSection
EndGlobal
