
Microsoft Visual Studio Solution File, Format Version 12.00
# Visual Studio Version 16
VisualStudioVersion = 16.0.31613.86
MinimumVisualStudioVersion = 10.0.40219.1
Project("{FAE04EC0-301F-11D3-BF4B-00C04F79EFBC}") = "LeetCode", "LeetCode\LeetCode.csproj", "{3F815F48-8BD5-4B26-BE5B-D5FA023E7870}"
EndProject
Project("{FAE04EC0-301F-11D3-BF4B-00C04F79EFBC}") = "LeetCodeTests", "LeetCodeTests\LeetCodeTests.csproj", "{783DA0FF-708F-41DB-B327-F6C57BC36D60}"
EndProject
Global
	GlobalSection(SolutionConfigurationPlatforms) = preSolution
		Debug|Any CPU = Debug|Any CPU
		Release|Any CPU = Release|Any CPU
	EndGlobalSection
	GlobalSection(ProjectConfigurationPlatforms) = postSolution
		{3F815F48-8BD5-4B26-BE5B-D5FA023E7870}.Debug|Any CPU.ActiveCfg = Debug|Any CPU
		{3F815F48-8BD5-4B26-BE5B-D5FA023E7870}.Debug|Any CPU.Build.0 = Debug|Any CPU
		{3F815F48-8BD5-4B26-BE5B-D5FA023E7870}.Release|Any CPU.ActiveCfg = Release|Any CPU
		{3F815F48-8BD5-4B26-BE5B-D5FA023E7870}.Release|Any CPU.Build.0 = Release|Any CPU
		{783DA0FF-708F-41DB-B327-F6C57BC36D60}.Debug|Any CPU.ActiveCfg = Debug|Any CPU
		{783DA0FF-708F-41DB-B327-F6C57BC36D60}.Debug|Any CPU.Build.0 = Debug|Any CPU
		{783DA0FF-708F-41DB-B327-F6C57BC36D60}.Release|Any CPU.ActiveCfg = Release|Any CPU
		{783DA0FF-708F-41DB-B327-F6C57BC36D60}.Release|Any CPU.Build.0 = Release|Any CPU
	EndGlobalSection
	GlobalSection(SolutionProperties) = preSolution
		HideSolutionNode = FALSE
	EndGlobalSection
	GlobalSection(ExtensibilityGlobals) = postSolution
		SolutionGuid = {0327000B-958A-4A40-B322-D3256CDED726}
	EndGlobalSection
EndGlobal
